
Microsoft Visual Studio Solution File, Format Version 12.00
# Visual Studio Version 17
VisualStudioVersion = 17.8.34330.188
MinimumVisualStudioVersion = 10.0.40219.1
Project("{9A19103F-16F7-4668-BE54-9A1E7A4F7556}") = "DesafioProjetoHospedagem", "DesafioProjetoHospedagem.csproj", "{81047E0B-3E07-44A8-8AB6-F0BA2A5C8186}"
EndProject
Global
	GlobalSection(SolutionConfigurationPlatforms) = preSolution
		Debug|Any CPU = Debug|Any CPU
		Release|Any CPU = Release|Any CPU
	EndGlobalSection
	GlobalSection(ProjectConfigurationPlatforms) = postSolution
		{81047E0B-3E07-44A8-8AB6-F0BA2A5C8186}.Debug|Any CPU.ActiveCfg = Debug|Any CPU
		{81047E0B-3E07-44A8-8AB6-F0BA2A5C8186}.Debug|Any CPU.Build.0 = Debug|Any CPU
		{81047E0B-3E07-44A8-8AB6-F0BA2A5C8186}.Release|Any CPU.ActiveCfg = Release|Any CPU
		{81047E0B-3E07-44A8-8AB6-F0BA2A5C8186}.Release|Any CPU.Build.0 = Release|Any CPU
	EndGlobalSection
	GlobalSection(SolutionProperties) = preSolution
		HideSolutionNode = FALSE
	EndGlobalSection
	GlobalSection(ExtensibilityGlobals) = postSolution
		SolutionGuid = {FFFA2FAF-5C5F-4D93-AC46-C9F86380E539}
	EndGlobalSection
EndGlobal
